// !$*UTF8*$!
{
	archiveVersion = 1;
	classes = {
	};
	objectVersion = 50;
	objects = {

/* Begin PBXBuildFile section */
		49CCAE6022C861DB00E8E2D5 /* AppDelegate.swift in Sources */ = {isa = PBXBuildFile; fileRef = 49CCAE5F22C861DB00E8E2D5 /* AppDelegate.swift */; };
		49CCAE6222C861DB00E8E2D5 /* InitialViewController.swift in Sources */ = {isa = PBXBuildFile; fileRef = 49CCAE6122C861DB00E8E2D5 /* InitialViewController.swift */; };
		49CCAE6522C861DB00E8E2D5 /* Main.storyboard in Resources */ = {isa = PBXBuildFile; fileRef = 49CCAE6322C861DB00E8E2D5 /* Main.storyboard */; };
		49CCAE6722C861DC00E8E2D5 /* Assets.xcassets in Resources */ = {isa = PBXBuildFile; fileRef = 49CCAE6622C861DC00E8E2D5 /* Assets.xcassets */; };
		49CCAE6A22C861DC00E8E2D5 /* LaunchScreen.storyboard in Resources */ = {isa = PBXBuildFile; fileRef = 49CCAE6822C861DC00E8E2D5 /* LaunchScreen.storyboard */; };
/* End PBXBuildFile section */

/* Begin PBXFileReference section */
		49CCAE5C22C861DB00E8E2D5 /* Upgrade.app */ = {isa = PBXFileReference; explicitFileType = wrapper.application; includeInIndex = 0; path = Upgrade.app; sourceTree = BUILT_PRODUCTS_DIR; };
		49CCAE5F22C861DB00E8E2D5 /* AppDelegate.swift */ = {isa = PBXFileReference; lastKnownFileType = sourcecode.swift; path = AppDelegate.swift; sourceTree = "<group>"; };
		49CCAE6122C861DB00E8E2D5 /* InitialViewController.swift */ = {isa = PBXFileReference; lastKnownFileType = sourcecode.swift; path = InitialViewController.swift; sourceTree = "<group>"; };
		49CCAE6422C861DB00E8E2D5 /* Base */ = {isa = PBXFileReference; lastKnownFileType = file.storyboard; name = Base; path = Base.lproj/Main.storyboard; sourceTree = "<group>"; };
		49CCAE6622C861DC00E8E2D5 /* Assets.xcassets */ = {isa = PBXFileReference; lastKnownFileType = folder.assetcatalog; path = Assets.xcassets; sourceTree = "<group>"; };
		49CCAE6922C861DC00E8E2D5 /* Base */ = {isa = PBXFileReference; lastKnownFileType = file.storyboard; name = Base; path = Base.lproj/LaunchScreen.storyboard; sourceTree = "<group>"; };
		49CCAE6B22C861DC00E8E2D5 /* Info.plist */ = {isa = PBXFileReference; lastKnownFileType = text.plist.xml; path = Info.plist; sourceTree = "<group>"; };
/* End PBXFileReference section */

/* Begin PBXFrameworksBuildPhase section */
		49CCAE5922C861DB00E8E2D5 /* Frameworks */ = {
			isa = PBXFrameworksBuildPhase;
			buildActionMask = 2147483647;
			files = (
			);
			runOnlyForDeploymentPostprocessing = 0;
		};
/* End PBXFrameworksBuildPhase section */

/* Begin PBXGroup section */
		49CCAE5322C861DB00E8E2D5 = {
			isa = PBXGroup;
			children = (
				49CCAE5E22C861DB00E8E2D5 /* Upgrade */,
				49CCAE5D22C861DB00E8E2D5 /* Products */,
			);
			sourceTree = "<group>";
		};
		49CCAE5D22C861DB00E8E2D5 /* Products */ = {
			isa = PBXGroup;
			children = (
				49CCAE5C22C861DB00E8E2D5 /* Upgrade.app */,
			);
			name = Products;
			sourceTree = "<group>";
		};
		49CCAE5E22C861DB00E8E2D5 /* Upgrade */ = {
			isa = PBXGroup;
			children = (
				49CCAE7122C8627900E8E2D5 /* Storyboards */,
				49CCAE7422C8642300E8E2D5 /* Core Support */,
			);
			path = Upgrade;
			sourceTree = "<group>";
		};
		49CCAE7122C8627900E8E2D5 /* Storyboards */ = {
			isa = PBXGroup;
			children = (
				49CCAE7222C8628200E8E2D5 /* Main */,
			);
			path = Storyboards;
			sourceTree = "<group>";
		};
		49CCAE7222C8628200E8E2D5 /* Main */ = {
			isa = PBXGroup;
			children = (
				49CCAE6322C861DB00E8E2D5 /* Main.storyboard */,
				49CCAE7322C8639D00E8E2D5 /* Initial */,
			);
			path = Main;
			sourceTree = "<group>";
		};
		49CCAE7322C8639D00E8E2D5 /* Initial */ = {
			isa = PBXGroup;
			children = (
				49CCAE6122C861DB00E8E2D5 /* InitialViewController.swift */,
			);
			path = Initial;
			sourceTree = "<group>";
		};
		49CCAE7422C8642300E8E2D5 /* Core Support */ = {
			isa = PBXGroup;
			children = (
				49CCAE5F22C861DB00E8E2D5 /* AppDelegate.swift */,
				49CCAE6822C861DC00E8E2D5 /* LaunchScreen.storyboard */,
				49CCAE6B22C861DC00E8E2D5 /* Info.plist */,
				49CCAE6622C861DC00E8E2D5 /* Assets.xcassets */,
			);
			name = "Core Support";
			sourceTree = "<group>";
		};
/* End PBXGroup section */

/* Begin PBXNativeTarget section */
		49CCAE5B22C861DB00E8E2D5 /* Upgrade */ = {
			isa = PBXNativeTarget;
			buildConfigurationList = 49CCAE6E22C861DC00E8E2D5 /* Build configuration list for PBXNativeTarget "Upgrade" */;
			buildPhases = (
				49CCAE5822C861DB00E8E2D5 /* Sources */,
				49CCAE5922C861DB00E8E2D5 /* Frameworks */,
				49CCAE5A22C861DB00E8E2D5 /* Resources */,
			);
			buildRules = (
			);
			dependencies = (
			);
			name = Upgrade;
			productName = Upgrade;
			productReference = 49CCAE5C22C861DB00E8E2D5 /* Upgrade.app */;
			productType = "com.apple.product-type.application";
		};
/* End PBXNativeTarget section */

/* Begin PBXProject section */
		49CCAE5422C861DB00E8E2D5 /* Project object */ = {
			isa = PBXProject;
			attributes = {
				LastSwiftUpdateCheck = 1020;
				LastUpgradeCheck = 1020;
				ORGANIZATIONNAME = discipuli;
				TargetAttributes = {
					49CCAE5B22C861DB00E8E2D5 = {
						CreatedOnToolsVersion = 10.2.1;
					};
				};
			};
			buildConfigurationList = 49CCAE5722C861DB00E8E2D5 /* Build configuration list for PBXProject "Upgrade" */;
			compatibilityVersion = "Xcode 9.3";
			developmentRegion = en;
			hasScannedForEncodings = 0;
			knownRegions = (
				en,
				Base,
			);
			mainGroup = 49CCAE5322C861DB00E8E2D5;
			productRefGroup = 49CCAE5D22C861DB00E8E2D5 /* Products */;
			projectDirPath = "";
			projectRoot = "";
			targets = (
				49CCAE5B22C861DB00E8E2D5 /* Upgrade */,
			);
		};
/* End PBXProject section */

/* Begin PBXResourcesBuildPhase section */
		49CCAE5A22C861DB00E8E2D5 /* Resources */ = {
			isa = PBXResourcesBuildPhase;
			buildActionMask = 2147483647;
			files = (
				49CCAE6A22C861DC00E8E2D5 /* LaunchScreen.storyboard in Resources */,
				49CCAE6722C861DC00E8E2D5 /* Assets.xcassets in Resources */,
				49CCAE6522C861DB00E8E2D5 /* Main.storyboard in Resources */,
			);
			runOnlyForDeploymentPostprocessing = 0;
		};
/* End PBXResourcesBuildPhase section */

/* Begin PBXSourcesBuildPhase section */
		49CCAE5822C861DB00E8E2D5 /* Sources */ = {
			isa = PBXSourcesBuildPhase;
			buildActionMask = 2147483647;
			files = (
				49CCAE6222C861DB00E8E2D5 /* InitialViewController.swift in Sources */,
				49CCAE6022C861DB00E8E2D5 /* AppDelegate.swift in Sources */,
			);
			runOnlyForDeploymentPostprocessing = 0;
		};
/* End PBXSourcesBuildPhase section */

/* Begin PBXVariantGroup section */
		49CCAE6322C861DB00E8E2D5 /* Main.storyboard */ = {
			isa = PBXVariantGroup;
			children = (
				49CCAE6422C861DB00E8E2D5 /* Base */,
			);
			name = Main.storyboard;
			sourceTree = "<group>";
		};
		49CCAE6822C861DC00E8E2D5 /* LaunchScreen.storyboard */ = {
			isa = PBXVariantGroup;
			children = (
				49CCAE6922C861DC00E8E2D5 /* Base */,
			);
			name = LaunchScreen.storyboard;
			sourceTree = "<group>";
		};
/* End PBXVariantGroup section */

/* Begin XCBuildConfiguration section */
		49CCAE6C22C861DC00E8E2D5 /* Debug */ = {
			isa = XCBuildConfiguration;
			buildSettings = {
				ALWAYS_SEARCH_USER_PATHS = NO;
				CLANG_ANALYZER_NONNULL = YES;
				CLANG_ANALYZER_NUMBER_OBJECT_CONVERSION = YES_AGGRESSIVE;
				CLANG_CXX_LANGUAGE_STANDARD = "gnu++14";
				CLANG_CXX_LIBRARY = "libc++";
				CLANG_ENABLE_MODULES = YES;
				CLANG_ENABLE_OBJC_ARC = YES;
				CLANG_ENABLE_OBJC_WEAK = YES;
				CLANG_WARN_BLOCK_CAPTURE_AUTORELEASING = YES;
				CLANG_WARN_BOOL_CONVERSION = YES;
				CLANG_WARN_COMMA = YES;
				CLANG_WARN_CONSTANT_CONVERSION = YES;
				CLANG_WARN_DEPRECATED_OBJC_IMPLEMENTATIONS = YES;
				CLANG_WARN_DIRECT_OBJC_ISA_USAGE = YES_ERROR;
				CLANG_WARN_DOCUMENTATION_COMMENTS = YES;
				CLANG_WARN_EMPTY_BODY = YES;
				CLANG_WARN_ENUM_CONVERSION = YES;
				CLANG_WARN_INFINITE_RECURSION = YES;
				CLANG_WARN_INT_CONVERSION = YES;
				CLANG_WARN_NON_LITERAL_NULL_CONVERSION = YES;
				CLANG_WARN_OBJC_IMPLICIT_RETAIN_SELF = YES;
				CLANG_WARN_OBJC_LITERAL_CONVERSION = YES;
				CLANG_WARN_OBJC_ROOT_CLASS = YES_ERROR;
				CLANG_WARN_RANGE_LOOP_ANALYSIS = YES;
				CLANG_WARN_STRICT_PROTOTYPES = YES;
				CLANG_WARN_SUSPICIOUS_MOVE = YES;
				CLANG_WARN_UNGUARDED_AVAILABILITY = YES_AGGRESSIVE;
				CLANG_WARN_UNREACHABLE_CODE = YES;
				CLANG_WARN__DUPLICATE_METHOD_MATCH = YES;
				CODE_SIGN_IDENTITY = "iPhone Developer";
				COPY_PHASE_STRIP = NO;
				DEBUG_INFORMATION_FORMAT = dwarf;
				ENABLE_STRICT_OBJC_MSGSEND = YES;
				ENABLE_TESTABILITY = YES;
				GCC_C_LANGUAGE_STANDARD = gnu11;
				GCC_DYNAMIC_NO_PIC = NO;
				GCC_NO_COMMON_BLOCKS = YES;
				GCC_OPTIMIZATION_LEVEL = 0;
				GCC_PREPROCESSOR_DEFINITIONS = (
					"DEBUG=1",
					"$(inherited)",
				);
				GCC_WARN_64_TO_32_BIT_CONVERSION = YES;
				GCC_WARN_ABOUT_RETURN_TYPE = YES_ERROR;
				GCC_WARN_UNDECLARED_SELECTOR = YES;
				GCC_WARN_UNINITIALIZED_AUTOS = YES_AGGRESSIVE;
				GCC_WARN_UNUSED_FUNCTION = YES;
				GCC_WARN_UNUSED_VARIABLE = YES;
				IPHONEOS_DEPLOYMENT_TARGET = 12.2;
				MTL_ENABLE_DEBUG_INFO = INCLUDE_SOURCE;
				MTL_FAST_MATH = YES;
				ONLY_ACTIVE_ARCH = YES;
				SDKROOT = iphoneos;
				SWIFT_ACTIVE_COMPILATION_CONDITIONS = DEBUG;
				SWIFT_OPTIMIZATION_LEVEL = "-Onone";
			};
			name = Debug;
		};
		49CCAE6D22C861DC00E8E2D5 /* Release */ = {
			isa = XCBuildConfiguration;
			buildSettings = {
				ALWAYS_SEARCH_USER_PATHS = NO;
				CLANG_ANALYZER_NONNULL = YES;
				CLANG_ANALYZER_NUMBER_OBJECT_CONVERSION = YES_AGGRESSIVE;
				CLANG_CXX_LANGUAGE_STANDARD = "gnu++14";
				CLANG_CXX_LIBRARY = "libc++";
				CLANG_ENABLE_MODULES = YES;
				CLANG_ENABLE_OBJC_ARC = YES;
				CLANG_ENABLE_OBJC_WEAK = YES;
				CLANG_WARN_BLOCK_CAPTURE_AUTORELEASING = YES;
				CLANG_WARN_BOOL_CONVERSION = YES;
				CLANG_WARN_COMMA = YES;
				CLANG_WARN_CONSTANT_CONVERSION = YES;
				CLANG_WARN_DEPRECATED_OBJC_IMPLEMENTATIONS = YES;
				CLANG_WARN_DIRECT_OBJC_ISA_USAGE = YES_ERROR;
				CLANG_WARN_DOCUMENTATION_COMMENTS = YES;
				CLANG_WARN_EMPTY_BODY = YES;
				CLANG_WARN_ENUM_CONVERSION = YES;
				CLANG_WARN_INFINITE_RECURSION = YES;
				CLANG_WARN_INT_CONVERSION = YES;
				CLANG_WARN_NON_LITERAL_NULL_CONVERSION = YES;
				CLANG_WARN_OBJC_IMPLICIT_RETAIN_SELF = YES;
				CLANG_WARN_OBJC_LITERAL_CONVERSION = YES;
				CLANG_WARN_OBJC_ROOT_CLASS = YES_ERROR;
				CLANG_WARN_RANGE_LOOP_ANALYSIS = YES;
				CLANG_WARN_STRICT_PROTOTYPES = YES;
				CLANG_WARN_SUSPICIOUS_MOVE = YES;
				CLANG_WARN_UNGUARDED_AVAILABILITY = YES_AGGRESSIVE;
				CLANG_WARN_UNREACHABLE_CODE = YES;
				CLANG_WARN__DUPLICATE_METHOD_MATCH = YES;
				CODE_SIGN_IDENTITY = "iPhone Developer";
				COPY_PHASE_STRIP = NO;
				DEBUG_INFORMATION_FORMAT = "dwarf-with-dsym";
				ENABLE_NS_ASSERTIONS = NO;
				ENABLE_STRICT_OBJC_MSGSEND = YES;
				GCC_C_LANGUAGE_STANDARD = gnu11;
				GCC_NO_COMMON_BLOCKS = YES;
				GCC_WARN_64_TO_32_BIT_CONVERSION = YES;
				GCC_WARN_ABOUT_RETURN_TYPE = YES_ERROR;
				GCC_WARN_UNDECLARED_SELECTOR = YES;
				GCC_WARN_UNINITIALIZED_AUTOS = YES_AGGRESSIVE;
				GCC_WARN_UNUSED_FUNCTION = YES;
				GCC_WARN_UNUSED_VARIABLE = YES;
				IPHONEOS_DEPLOYMENT_TARGET = 12.2;
				MTL_ENABLE_DEBUG_INFO = NO;
				MTL_FAST_MATH = YES;
				SDKROOT = iphoneos;
				SWIFT_COMPILATION_MODE = wholemodule;
				SWIFT_OPTIMIZATION_LEVEL = "-O";
				VALIDATE_PRODUCT = YES;
			};
			name = Release;
		};
		49CCAE6F22C861DC00E8E2D5 /* Debug */ = {
			isa = XCBuildConfiguration;
			buildSettings = {
				ASSETCATALOG_COMPILER_APPICON_NAME = AppIcon;
				CODE_SIGN_STYLE = Automatic;
				DEVELOPMENT_TEAM = HFYWW8ST8C;
				INFOPLIST_FILE = Upgrade/Info.plist;
				LD_RUNPATH_SEARCH_PATHS = (
					"$(inherited)",
					"@executable_path/Frameworks",
				);
				PRODUCT_BUNDLE_IDENTIFIER = com.discipuli.Upgrade;
				PRODUCT_NAME = "$(TARGET_NAME)";
				SWIFT_VERSION = 5.0;
				TARGETED_DEVICE_FAMILY = "1,2";
			};
			name = Debug;
		};
		49CCAE7022C861DC00E8E2D5 /* Release */ = {
			isa = XCBuildConfiguration;
			buildSettings = {
				ASSETCATALOG_COMPILER_APPICON_NAME = AppIcon;
				CODE_SIGN_STYLE = Automatic;
				DEVELOPMENT_TEAM = HFYWW8ST8C;
				INFOPLIST_FILE = Upgrade/Info.plist;
				LD_RUNPATH_SEARCH_PATHS = (
					"$(inherited)",
					"@executable_path/Frameworks",
				);
				PRODUCT_BUNDLE_IDENTIFIER = com.discipuli.Upgrade;
				PRODUCT_NAME = "$(TARGET_NAME)";
				SWIFT_VERSION = 5.0;
				TARGETED_DEVICE_FAMILY = "1,2";
			};
			name = Release;
		};
/* End XCBuildConfiguration section */

/* Begin XCConfigurationList section */
		49CCAE5722C861DB00E8E2D5 /* Build configuration list for PBXProject "Upgrade" */ = {
			isa = XCConfigurationList;
			buildConfigurations = (
				49CCAE6C22C861DC00E8E2D5 /* Debug */,
				49CCAE6D22C861DC00E8E2D5 /* Release */,
			);
			defaultConfigurationIsVisible = 0;
			defaultConfigurationName = Release;
		};
		49CCAE6E22C861DC00E8E2D5 /* Build configuration list for PBXNativeTarget "Upgrade" */ = {
			isa = XCConfigurationList;
			buildConfigurations = (
				49CCAE6F22C861DC00E8E2D5 /* Debug */,
				49CCAE7022C861DC00E8E2D5 /* Release */,
			);
			defaultConfigurationIsVisible = 0;
			defaultConfigurationName = Release;
		};
/* End XCConfigurationList section */
	};
	rootObject = 49CCAE5422C861DB00E8E2D5 /* Project object */;
}
